# THIS IS AN AUTOGENERATED FILE. DO NOT EDIT THIS FILE DIRECTLY.
# yarn lockfile v1


fsevents@2.3.2:
  version "2.3.2"
  resolved "https://registry.yarnpkg.com/fsevents/-/fsevents-2.3.2.tgz#8a526f78b8fdf4623b709e0b975c52c24c02fd1a"
  integrity sha512-xiqMQR4xAeHTuB9uWm+fFRcIOgKBMiOBP+eXiyT7jsgVCq1bkVygt00oASowB7EdtpOHaaPgKt812P9ab+DDKA==

playwright-core@1.50.0:
  version "1.50.0"
  resolved "https://registry.yarnpkg.com/playwright-core/-/playwright-core-1.50.0.tgz#28dd6a1488211c193933695ed337a5b44d46867c"
  integrity sha512-CXkSSlr4JaZs2tZHI40DsZUN/NIwgaUPsyLuOAaIZp2CyF2sN5MM5NJsyB188lFSSozFxQ5fPT4qM+f0tH/6wQ==

playwright@1.50.0:
  version "1.50.0"
  resolved "https://registry.yarnpkg.com/playwright/-/playwright-1.50.0.tgz#ccaf334f948d78139922844de55a18f8ae785410"
  integrity sha512-+GinGfGTrd2IfX1TA4N2gNmeIksSb+IAe589ZH+FlmpV3MYTx6+buChGIuDLQwrGNCw2lWibqV50fU510N7S+w==
  dependencies:
    playwright-core "1.50.0"
  optionalDependencies:
    fsevents "2.3.2"
